
Microsoft Visual Studio Solution File, Format Version 12.00
# Visual Studio Version 17
VisualStudioVersion = 17.5.002.0
MinimumVisualStudioVersion = 10.0.40219.1
Project("{9A19103F-16F7-4668-BE54-9A1E7A4F7556}") = "jurosSimples", "jurosSimples.csproj", "{6F495339-0B9E-413B-834D-1D17D83F6BA9}"
EndProject
Global
	GlobalSection(SolutionConfigurationPlatforms) = preSolution
		Debug|Any CPU = Debug|Any CPU
		Release|Any CPU = Release|Any CPU
	EndGlobalSection
	GlobalSection(ProjectConfigurationPlatforms) = postSolution
		{6F495339-0B9E-413B-834D-1D17D83F6BA9}.Debug|Any CPU.ActiveCfg = Debug|Any CPU
		{6F495339-0B9E-413B-834D-1D17D83F6BA9}.Debug|Any CPU.Build.0 = Debug|Any CPU
		{6F495339-0B9E-413B-834D-1D17D83F6BA9}.Release|Any CPU.ActiveCfg = Release|Any CPU
		{6F495339-0B9E-413B-834D-1D17D83F6BA9}.Release|Any CPU.Build.0 = Release|Any CPU
	EndGlobalSection
	GlobalSection(SolutionProperties) = preSolution
		HideSolutionNode = FALSE
	EndGlobalSection
	GlobalSection(ExtensibilityGlobals) = postSolution
		SolutionGuid = {A23F6299-130D-4AA8-980F-C9102930E535}
	EndGlobalSection
EndGlobal
